
Microsoft Visual Studio Solution File, Format Version 12.00
# Visual Studio Version 17
VisualStudioVersion = 17.14.36401.2
MinimumVisualStudioVersion = 10.0.40219.1
Project("{FAE04EC0-301F-11D3-BF4B-00C04F79EFBC}") = "WcfService1", "WcfService1\WcfService1.csproj", "{691D595F-E482-4E3F-818A-679CFF26E971}"
EndProject
Project("{2150E333-8FDC-42A3-9474-1A3956D46DE8}") = "Solution Items", "Solution Items", "{8EC462FD-D22E-90A8-E5CE-7E832BA40C5D}"
	ProjectSection(SolutionItems) = preProject
		.gitignore = .gitignore
	EndProjectSection
EndProject
Project("{FAE04EC0-301F-11D3-BF4B-00C04F79EFBC}") = "SharedContracts", "SharedContracts\SharedContracts.csproj", "{5310C2A9-B63C-4F3F-8CCF-46E9B5B2B12D}"
EndProject
Project("{FAE04EC0-301F-11D3-BF4B-00C04F79EFBC}") = "ClientSide", "ClientSide\ClientSide.csproj", "{510A2523-C99E-4715-85CB-78EB81D64C3D}"
EndProject
Project("{FAE04EC0-301F-11D3-BF4B-00C04F79EFBC}") = "ConsoleApp1", "ConsoleApp1\ConsoleApp1.csproj", "{7C8FDFC7-85DD-42AB-A1EC-9F34BEFBA2D5}"
EndProject
Global
	GlobalSection(SolutionConfigurationPlatforms) = preSolution
		Debug|Any CPU = Debug|Any CPU
		Release|Any CPU = Release|Any CPU
	EndGlobalSection
	GlobalSection(ProjectConfigurationPlatforms) = postSolution
		{691D595F-E482-4E3F-818A-679CFF26E971}.Debug|Any CPU.ActiveCfg = Debug|Any CPU
		{691D595F-E482-4E3F-818A-679CFF26E971}.Debug|Any CPU.Build.0 = Debug|Any CPU
		{691D595F-E482-4E3F-818A-679CFF26E971}.Release|Any CPU.ActiveCfg = Release|Any CPU
		{691D595F-E482-4E3F-818A-679CFF26E971}.Release|Any CPU.Build.0 = Release|Any CPU
		{5310C2A9-B63C-4F3F-8CCF-46E9B5B2B12D}.Debug|Any CPU.ActiveCfg = Debug|Any CPU
		{5310C2A9-B63C-4F3F-8CCF-46E9B5B2B12D}.Debug|Any CPU.Build.0 = Debug|Any CPU
		{5310C2A9-B63C-4F3F-8CCF-46E9B5B2B12D}.Release|Any CPU.ActiveCfg = Release|Any CPU
		{5310C2A9-B63C-4F3F-8CCF-46E9B5B2B12D}.Release|Any CPU.Build.0 = Release|Any CPU
		{510A2523-C99E-4715-85CB-78EB81D64C3D}.Debug|Any CPU.ActiveCfg = Debug|Any CPU
		{510A2523-C99E-4715-85CB-78EB81D64C3D}.Debug|Any CPU.Build.0 = Debug|Any CPU
		{510A2523-C99E-4715-85CB-78EB81D64C3D}.Release|Any CPU.ActiveCfg = Release|Any CPU
		{510A2523-C99E-4715-85CB-78EB81D64C3D}.Release|Any CPU.Build.0 = Release|Any CPU
		{7C8FDFC7-85DD-42AB-A1EC-9F34BEFBA2D5}.Debug|Any CPU.ActiveCfg = Debug|Any CPU
		{7C8FDFC7-85DD-42AB-A1EC-9F34BEFBA2D5}.Debug|Any CPU.Build.0 = Debug|Any CPU
		{7C8FDFC7-85DD-42AB-A1EC-9F34BEFBA2D5}.Release|Any CPU.ActiveCfg = Release|Any CPU
		{7C8FDFC7-85DD-42AB-A1EC-9F34BEFBA2D5}.Release|Any CPU.Build.0 = Release|Any CPU
	EndGlobalSection
	GlobalSection(SolutionProperties) = preSolution
		HideSolutionNode = FALSE
	EndGlobalSection
	GlobalSection(ExtensibilityGlobals) = postSolution
		SolutionGuid = {65FBDDF6-88DF-4239-8140-851EC2A24AB6}
	EndGlobalSection
EndGlobal
